
Microsoft Visual Studio Solution File, Format Version 12.00
# Visual Studio Version 17
VisualStudioVersion = 17.11.35208.52
MinimumVisualStudioVersion = 10.0.40219.1
Project("{FAE04EC0-301F-11D3-BF4B-00C04F79EFBC}") = "OrtizHansEjercicioPractico", "OrtizHansEjercicioPractico.csproj", "{98FB066E-BC29-4C81-A234-DBC500F16302}"
EndProject
Global
	GlobalSection(SolutionConfigurationPlatforms) = preSolution
		Debug|Any CPU = Debug|Any CPU
		Release|Any CPU = Release|Any CPU
	EndGlobalSection
	GlobalSection(ProjectConfigurationPlatforms) = postSolution
		{98FB066E-BC29-4C81-A234-DBC500F16302}.Debug|Any CPU.ActiveCfg = Debug|Any CPU
		{98FB066E-BC29-4C81-A234-DBC500F16302}.Debug|Any CPU.Build.0 = Debug|Any CPU
		{98FB066E-BC29-4C81-A234-DBC500F16302}.Release|Any CPU.ActiveCfg = Release|Any CPU
		{98FB066E-BC29-4C81-A234-DBC500F16302}.Release|Any CPU.Build.0 = Release|Any CPU
	EndGlobalSection
	GlobalSection(SolutionProperties) = preSolution
		HideSolutionNode = FALSE
	EndGlobalSection
	GlobalSection(ExtensibilityGlobals) = postSolution
		SolutionGuid = {CA78A4CA-7C38-42CE-9EF2-2260F81DDCC0}
	EndGlobalSection
EndGlobal
